
Microsoft Visual Studio Solution File, Format Version 12.00
Project("{FAE04EC0-301F-11D3-BF4B-00C04F79EFBC}") = "E-Chat", "E-Chat\E-Chat.csproj", "{F155E3ED-FE69-48A3-9B44-2E404A6C1DF0}"
EndProject
Project("{FAE04EC0-301F-11D3-BF4B-00C04F79EFBC}") = "Application", "Application\Application.csproj", "{0810A443-B2A6-4988-BBD9-3FA06FEAD83B}"
EndProject
Project("{FAE04EC0-301F-11D3-BF4B-00C04F79EFBC}") = "Data", "Data\Data.csproj", "{5CE6B393-06C3-4033-AB8A-1C6808A683AE}"
EndProject
Project("{FAE04EC0-301F-11D3-BF4B-00C04F79EFBC}") = "Domain", "Domain\Domain.csproj", "{378E25AD-097F-46C7-A176-7F8BE48925DA}"
EndProject
Project("{FAE04EC0-301F-11D3-BF4B-00C04F79EFBC}") = "IOC", "IOC\IOC.csproj", "{3EBC76E0-1CF4-4885-9A4E-172DAE617D16}"
EndProject
Global
	GlobalSection(SolutionConfigurationPlatforms) = preSolution
		Debug|Any CPU = Debug|Any CPU
		Release|Any CPU = Release|Any CPU
	EndGlobalSection
	GlobalSection(ProjectConfigurationPlatforms) = postSolution
		{F155E3ED-FE69-48A3-9B44-2E404A6C1DF0}.Debug|Any CPU.ActiveCfg = Debug|Any CPU
		{F155E3ED-FE69-48A3-9B44-2E404A6C1DF0}.Debug|Any CPU.Build.0 = Debug|Any CPU
		{F155E3ED-FE69-48A3-9B44-2E404A6C1DF0}.Release|Any CPU.ActiveCfg = Release|Any CPU
		{F155E3ED-FE69-48A3-9B44-2E404A6C1DF0}.Release|Any CPU.Build.0 = Release|Any CPU
		{0810A443-B2A6-4988-BBD9-3FA06FEAD83B}.Debug|Any CPU.ActiveCfg = Debug|Any CPU
		{0810A443-B2A6-4988-BBD9-3FA06FEAD83B}.Debug|Any CPU.Build.0 = Debug|Any CPU
		{0810A443-B2A6-4988-BBD9-3FA06FEAD83B}.Release|Any CPU.ActiveCfg = Release|Any CPU
		{0810A443-B2A6-4988-BBD9-3FA06FEAD83B}.Release|Any CPU.Build.0 = Release|Any CPU
		{5CE6B393-06C3-4033-AB8A-1C6808A683AE}.Debug|Any CPU.ActiveCfg = Debug|Any CPU
		{5CE6B393-06C3-4033-AB8A-1C6808A683AE}.Debug|Any CPU.Build.0 = Debug|Any CPU
		{5CE6B393-06C3-4033-AB8A-1C6808A683AE}.Release|Any CPU.ActiveCfg = Release|Any CPU
		{5CE6B393-06C3-4033-AB8A-1C6808A683AE}.Release|Any CPU.Build.0 = Release|Any CPU
		{378E25AD-097F-46C7-A176-7F8BE48925DA}.Debug|Any CPU.ActiveCfg = Debug|Any CPU
		{378E25AD-097F-46C7-A176-7F8BE48925DA}.Debug|Any CPU.Build.0 = Debug|Any CPU
		{378E25AD-097F-46C7-A176-7F8BE48925DA}.Release|Any CPU.ActiveCfg = Release|Any CPU
		{378E25AD-097F-46C7-A176-7F8BE48925DA}.Release|Any CPU.Build.0 = Release|Any CPU
		{3EBC76E0-1CF4-4885-9A4E-172DAE617D16}.Debug|Any CPU.ActiveCfg = Debug|Any CPU
		{3EBC76E0-1CF4-4885-9A4E-172DAE617D16}.Debug|Any CPU.Build.0 = Debug|Any CPU
		{3EBC76E0-1CF4-4885-9A4E-172DAE617D16}.Release|Any CPU.ActiveCfg = Release|Any CPU
		{3EBC76E0-1CF4-4885-9A4E-172DAE617D16}.Release|Any CPU.Build.0 = Release|Any CPU
	EndGlobalSection
EndGlobal
